- type: accessLevel
  id: Teacher
  name: accessl-teacher

# Common
- type: entity
  parent: Airlock
  id: AirlockTeacherLocked
  name: шлюз
  suffix: Наставники, Locked
  description: Он открывается, он закрывается, он может вас раздавить
  components:
  - type: ContainerFill
    containers:
      board: [ DoorElectronicsTeacherAccess ]

- type: entity
  parent: AirlockGlass
  id: AirlockTeacherGlassLocked
  name: стеклянный шлюз
  suffix: Наставники, Locked
  description: Он открывается, он закрывается, он может вас раздавить
  components:
  - type: ContainerFill
    containers:
      board: [ DoorElectronicsTeacherAccess ]  

# Cargo
- type: entity
  parent: DoorElectronics
  id: DoorElectronicsTeacherAccess
  suffix: Наставники, Locked
  components:
  - type: AccessReader
    access: [["Teacher"]]

- type: entity
  parent: Airlock
  id: AirlockCargoTeatcherLocked
  name: шлюз
  suffix: Наставники, Locked
  description: Он открывается, он закрывается, он может вас раздавить
  components:
  - type: ContainerFill
    containers:
      board: [ DoorElectronicsTeacherAccess ]
  - type: Sprite
    sprite: Structures/Doors/Airlocks/Standard/cargo.rsi

- type: entity
  parent: AirlockGlass
  id: AirlockCargoTeatcherLockedGlass
  name: стеклянный шлюз
  suffix: Наставники, Locked
  description: Он открывается, он закрывается, он может вас раздавить
  components:
  - type: ContainerFill
    containers:
      board: [ DoorElectronicsTeacherAccess ]
  - type: Sprite
    sprite: Structures/Doors/Airlocks/Glass/cargo.rsi
  - type: PaintableAirlock
    group: Glass  

# Engineering
- type: entity
  parent: Airlock
  id: AirlockEngTeatcherLocked
  name: шлюз
  suffix: Наставники, Locked
  description: Он открывается, он закрывается, он может вас раздавить
  components:
  - type: ContainerFill
    containers:
      board: [ DoorElectronicsTeacherAccess ]
  - type: Sprite
    sprite: Structures/Doors/Airlocks/Standard/engineering.rsi

- type: entity
  parent: AirlockGlass
  id: AirlockEngTeatcherLockedGlass
  name: стеклянный шлюз
  suffix: Наставники, Locked
  description: Он открывается, он закрывается, он может вас раздавить
  components:
  - type: ContainerFill
    containers:
      board: [ DoorElectronicsTeacherAccess ]
  - type: Sprite
    sprite: Structures/Doors/Airlocks/Glass/engineering.rsi
  - type: PaintableAirlock
    group: Glass 

# Security
- type: entity
  parent: Airlock
  id: AirlockSecTeatcherLocked
  name: шлюз
  suffix: Наставники, Locked
  description: Он открывается, он закрывается, он может вас раздавить
  components:
  - type: ContainerFill
    containers:
      board: [ DoorElectronicsTeacherAccess ]
  - type: Sprite
    sprite: Structures/Doors/Airlocks/Standard/security.rsi

- type: entity
  parent: AirlockGlass
  id: AirlockSecTeatcherLockedGlass
  name: стеклянный шлюз
  suffix: Наставники, Locked
  description: Он открывается, он закрывается, он может вас раздавить
  components:
  - type: ContainerFill
    containers:
      board: [ DoorElectronicsTeacherAccess ]
  - type: Sprite
    sprite: Structures/Doors/Airlocks/Glass/security.rsi
  - type: PaintableAirlock
    group: Glass 

# Science
- type: entity
  parent: Airlock
  id: AirlockSciTeatcherLocked
  name: шлюз
  suffix: Наставники, Locked
  description: Он открывается, он закрывается, он может вас раздавить
  components:
  - type: ContainerFill
    containers:
      board: [ DoorElectronicsTeacherAccess ]
  - type: Sprite
    sprite: Structures/Doors/Airlocks/Standard/science.rsi

- type: entity
  parent: AirlockGlass
  id: AirlockSciTeatcherLockedGlass
  name: стеклянный шлюз
  suffix: Наставники, Locked
  description: Он открывается, он закрывается, он может вас раздавить
  components:
  - type: ContainerFill
    containers:
      board: [ DoorElectronicsTeacherAccess ]
  - type: Sprite
    sprite: Structures/Doors/Airlocks/Glass/science.rsi
  - type: PaintableAirlock
    group: Glass

# Medical
- type: entity
  parent: Airlock
  id: AirlockMedTeatcherLocked
  name: шлюз
  suffix: Наставники, Locked
  description: Он открывается, он закрывается, он может вас раздавить
  components:
  - type: ContainerFill
    containers:
      board: [ DoorElectronicsTeacherAccess ]
  - type: Sprite
    sprite: Structures/Doors/Airlocks/Standard/medical.rsi
